
Microsoft Visual Studio Solution File, Format Version 12.00
# Visual Studio 15
VisualStudioVersion = 15.0.28307.2017
MinimumVisualStudioVersion = 10.0.40219.1
Project("{FAE04EC0-301F-11D3-BF4B-00C04F79EFBC}") = "OnlineStoreModelConsoleApp", "OnlineStoreModelConsoleApp\OnlineStoreModelConsoleApp.csproj", "{8058036D-4EAA-46F7-AB88-544E4C452399}"
EndProject
Global
	GlobalSection(SolutionConfigurationPlatforms) = preSolution
		Debug|Any CPU = Debug|Any CPU
		Release|Any CPU = Release|Any CPU
	EndGlobalSection
	GlobalSection(ProjectConfigurationPlatforms) = postSolution
		{8058036D-4EAA-46F7-AB88-544E4C452399}.Debug|Any CPU.ActiveCfg = Debug|Any CPU
		{8058036D-4EAA-46F7-AB88-544E4C452399}.Debug|Any CPU.Build.0 = Debug|Any CPU
		{8058036D-4EAA-46F7-AB88-544E4C452399}.Release|Any CPU.ActiveCfg = Release|Any CPU
		{8058036D-4EAA-46F7-AB88-544E4C452399}.Release|Any CPU.Build.0 = Release|Any CPU
	EndGlobalSection
	GlobalSection(SolutionProperties) = preSolution
		HideSolutionNode = FALSE
	EndGlobalSection
	GlobalSection(ExtensibilityGlobals) = postSolution
		SolutionGuid = {A077583B-C400-4206-B3E4-4781250E14B8}
	EndGlobalSection
EndGlobal
